
Microsoft Visual Studio Solution File, Format Version 12.00
# Visual Studio 15
VisualStudioVersion = 15.0.27130.2020
MinimumVisualStudioVersion = 10.0.40219.1
Project("{FAE04EC0-301F-11D3-BF4B-00C04F79EFBC}") = "Somm", "InventoryManagement\Somm.csproj", "{0EFA9419-8432-4DC9-9618-C274E67DCC89}"
EndProject
Global
	GlobalSection(SolutionConfigurationPlatforms) = preSolution
		Debug|Any CPU = Debug|Any CPU
		Release|Any CPU = Release|Any CPU
	EndGlobalSection
	GlobalSection(ProjectConfigurationPlatforms) = postSolution
		{0EFA9419-8432-4DC9-9618-C274E67DCC89}.Debug|Any CPU.ActiveCfg = Debug|Any CPU
		{0EFA9419-8432-4DC9-9618-C274E67DCC89}.Debug|Any CPU.Build.0 = Debug|Any CPU
		{0EFA9419-8432-4DC9-9618-C274E67DCC89}.Release|Any CPU.ActiveCfg = Release|Any CPU
		{0EFA9419-8432-4DC9-9618-C274E67DCC89}.Release|Any CPU.Build.0 = Release|Any CPU
	EndGlobalSection
	GlobalSection(SolutionProperties) = preSolution
		HideSolutionNode = FALSE
	EndGlobalSection
	GlobalSection(ExtensibilityGlobals) = postSolution
		SolutionGuid = {6613C378-2923-4BA5-9F62-8E21C26E25A5}
	EndGlobalSection
EndGlobal
